// !$*UTF8*$!
{
	archiveVersion = 1;
	classes = {
	};
	objectVersion = 56;
	objects = {

/* Begin PBXBuildFile section */
		780CDE2C2C28804100AB6655 /* Crystals.swift in Sources */ = {isa = PBXBuildFile; fileRef = 780CDE2B2C28804100AB6655 /* Crystals.swift */; };
		78327D652C727B3100E58142 /* Theme.swift in Sources */ = {isa = PBXBuildFile; fileRef = 78327D642C727B3100E58142 /* Theme.swift */; };
		78327D672C727B9D00E58142 /* CrystalView.swift in Sources */ = {isa = PBXBuildFile; fileRef = 78327D662C727B9D00E58142 /* CrystalView.swift */; };
		783E5AD32CD7DDF7000377F1 /* ViewModel.swift in Sources */ = {isa = PBXBuildFile; fileRef = 783E5AD22CD7DDF7000377F1 /* ViewModel.swift */; };
		783E5AD52CD7E2FD000377F1 /* Picker.swift in Sources */ = {isa = PBXBuildFile; fileRef = 783E5AD42CD7E2FD000377F1 /* Picker.swift */; };
		783E5AD72CD7E6DE000377F1 /* ImagePicker.swift in Sources */ = {isa = PBXBuildFile; fileRef = 783E5AD62CD7E6DE000377F1 /* ImagePicker.swift */; };
		78D038192BEFC55900AA1C0D /* testDevCrystalsApp.swift in Sources */ = {isa = PBXBuildFile; fileRef = 78D038182BEFC55900AA1C0D /* testDevCrystalsApp.swift */; };
		78D0381B2BEFC55900AA1C0D /* ContentView.swift in Sources */ = {isa = PBXBuildFile; fileRef = 78D0381A2BEFC55900AA1C0D /* ContentView.swift */; };
		78D0381D2BEFC55A00AA1C0D /* Assets.xcassets in Resources */ = {isa = PBXBuildFile; fileRef = 78D0381C2BEFC55A00AA1C0D /* Assets.xcassets */; };
		78D038202BEFC55A00AA1C0D /* Preview Assets.xcassets in Resources */ = {isa = PBXBuildFile; fileRef = 78D0381F2BEFC55A00AA1C0D /* Preview Assets.xcassets */; };
/* End PBXBuildFile section */

/* Begin PBXContainerItemProxy section */
		78D038262BEFC55A00AA1C0D /* PBXContainerItemProxy */ = {
			isa = PBXContainerItemProxy;
			containerPortal = 78D0380D2BEFC55900AA1C0D /* Project object */;
			proxyType = 1;
			remoteGlobalIDString = 78D038142BEFC55900AA1C0D;
			remoteInfo = testDevCrystals;
		};
		78D038302BEFC55A00AA1C0D /* PBXContainerItemProxy */ = {
			isa = PBXContainerItemProxy;
			containerPortal = 78D0380D2BEFC55900AA1C0D /* Project object */;
			proxyType = 1;
			remoteGlobalIDString = 78D038142BEFC55900AA1C0D;
			remoteInfo = testDevCrystals;
		};
/* End PBXContainerItemProxy section */

/* Begin PBXFileReference section */
		780CDE2B2C28804100AB6655 /* Crystals.swift */ = {isa = PBXFileReference; lastKnownFileType = sourcecode.swift; path = Crystals.swift; sourceTree = "<group>"; };
		78327D642C727B3100E58142 /* Theme.swift */ = {isa = PBXFileReference; lastKnownFileType = sourcecode.swift; path = Theme.swift; sourceTree = "<group>"; };
		78327D662C727B9D00E58142 /* CrystalView.swift */ = {isa = PBXFileReference; lastKnownFileType = sourcecode.swift; path = CrystalView.swift; sourceTree = "<group>"; };
		783E5AD22CD7DDF7000377F1 /* ViewModel.swift */ = {isa = PBXFileReference; lastKnownFileType = sourcecode.swift; path = ViewModel.swift; sourceTree = "<group>"; };
		783E5AD42CD7E2FD000377F1 /* Picker.swift */ = {isa = PBXFileReference; lastKnownFileType = sourcecode.swift; path = Picker.swift; sourceTree = "<group>"; };
		783E5AD62CD7E6DE000377F1 /* ImagePicker.swift */ = {isa = PBXFileReference; lastKnownFileType = sourcecode.swift; path = ImagePicker.swift; sourceTree = "<group>"; };
		78D038152BEFC55900AA1C0D /* testDevCrystals.app */ = {isa = PBXFileReference; explicitFileType = wrapper.application; includeInIndex = 0; path = testDevCrystals.app; sourceTree = BUILT_PRODUCTS_DIR; };
		78D038182BEFC55900AA1C0D /* testDevCrystalsApp.swift */ = {isa = PBXFileReference; lastKnownFileType = sourcecode.swift; path = testDevCrystalsApp.swift; sourceTree = "<group>"; };
		78D0381A2BEFC55900AA1C0D /* ContentView.swift */ = {isa = PBXFileReference; lastKnownFileType = sourcecode.swift; path = ContentView.swift; sourceTree = "<group>"; };
		78D0381C2BEFC55A00AA1C0D /* Assets.xcassets */ = {isa = PBXFileReference; lastKnownFileType = folder.assetcatalog; path = Assets.xcassets; sourceTree = "<group>"; };
		78D0381F2BEFC55A00AA1C0D /* Preview Assets.xcassets */ = {isa = PBXFileReference; lastKnownFileType = folder.assetcatalog; path = "Preview Assets.xcassets"; sourceTree = "<group>"; };
		78D038252BEFC55A00AA1C0D /* testDevCrystalsTests.xctest */ = {isa = PBXFileReference; explicitFileType = wrapper.cfbundle; includeInIndex = 0; path = testDevCrystalsTests.xctest; sourceTree = BUILT_PRODUCTS_DIR; };
		78D0382F2BEFC55A00AA1C0D /* testDevCrystalsUITests.xctest */ = {isa = PBXFileReference; explicitFileType = wrapper.cfbundle; includeInIndex = 0; path = testDevCrystalsUITests.xctest; sourceTree = BUILT_PRODUCTS_DIR; };
/* End PBXFileReference section */

/* Begin PBXFrameworksBuildPhase section */
		78D038122BEFC55900AA1C0D /* Frameworks */ = {
			isa = PBXFrameworksBuildPhase;
			buildActionMask = 2147483647;
			files = (
			);
			runOnlyForDeploymentPostprocessing = 0;
		};
		78D038222BEFC55A00AA1C0D /* Frameworks */ = {
			isa = PBXFrameworksBuildPhase;
			buildActionMask = 2147483647;
			files = (
			);
			runOnlyForDeploymentPostprocessing = 0;
		};
		78D0382C2BEFC55A00AA1C0D /* Frameworks */ = {
			isa = PBXFrameworksBuildPhase;
			buildActionMask = 2147483647;
			files = (
			);
			runOnlyForDeploymentPostprocessing = 0;
		};
/* End PBXFrameworksBuildPhase section */

/* Begin PBXGroup section */
		78D0380C2BEFC55900AA1C0D = {
			isa = PBXGroup;
			children = (
				78D038172BEFC55900AA1C0D /* testDevCrystals */,
				78D038162BEFC55900AA1C0D /* Products */,
			);
			sourceTree = "<group>";
		};
		78D038162BEFC55900AA1C0D /* Products */ = {
			isa = PBXGroup;
			children = (
				78D038152BEFC55900AA1C0D /* testDevCrystals.app */,
				78D038252BEFC55A00AA1C0D /* testDevCrystalsTests.xctest */,
				78D0382F2BEFC55A00AA1C0D /* testDevCrystalsUITests.xctest */,
			);
			name = Products;
			sourceTree = "<group>";
		};
		78D038172BEFC55900AA1C0D /* testDevCrystals */ = {
			isa = PBXGroup;
			children = (
				78327D642C727B3100E58142 /* Theme.swift */,
				78D038182BEFC55900AA1C0D /* testDevCrystalsApp.swift */,
				78D0381A2BEFC55900AA1C0D /* ContentView.swift */,
				78D0381C2BEFC55A00AA1C0D /* Assets.xcassets */,
				78D0381E2BEFC55A00AA1C0D /* Preview Content */,
				780CDE2B2C28804100AB6655 /* Crystals.swift */,
				78327D662C727B9D00E58142 /* CrystalView.swift */,
				783E5AD22CD7DDF7000377F1 /* ViewModel.swift */,
				783E5AD42CD7E2FD000377F1 /* Picker.swift */,
				783E5AD62CD7E6DE000377F1 /* ImagePicker.swift */,
			);
			path = testDevCrystals;
			sourceTree = "<group>";
		};
		78D0381E2BEFC55A00AA1C0D /* Preview Content */ = {
			isa = PBXGroup;
			children = (
				78D0381F2BEFC55A00AA1C0D /* Preview Assets.xcassets */,
			);
			path = "Preview Content";
			sourceTree = "<group>";
		};
/* End PBXGroup section */

/* Begin PBXNativeTarget section */
		78D038142BEFC55900AA1C0D /* testDevCrystals */ = {
			isa = PBXNativeTarget;
			buildConfigurationList = 78D038392BEFC55A00AA1C0D /* Build configuration list for PBXNativeTarget "testDevCrystals" */;
			buildPhases = (
				78D038112BEFC55900AA1C0D /* Sources */,
				78D038122BEFC55900AA1C0D /* Frameworks */,
				78D038132BEFC55900AA1C0D /* Resources */,
			);
			buildRules = (
			);
			dependencies = (
			);
			name = testDevCrystals;
			productName = testDevCrystals;
			productReference = 78D038152BEFC55900AA1C0D /* testDevCrystals.app */;
			productType = "com.apple.product-type.application";
		};
		78D038242BEFC55A00AA1C0D /* testDevCrystalsTests */ = {
			isa = PBXNativeTarget;
			buildConfigurationList = 78D0383C2BEFC55A00AA1C0D /* Build configuration list for PBXNativeTarget "testDevCrystalsTests" */;
			buildPhases = (
				78D038212BEFC55A00AA1C0D /* Sources */,
				78D038222BEFC55A00AA1C0D /* Frameworks */,
				78D038232BEFC55A00AA1C0D /* Resources */,
			);
			buildRules = (
			);
			dependencies = (
				78D038272BEFC55A00AA1C0D /* PBXTargetDependency */,
			);
			name = testDevCrystalsTests;
			productName = testDevCrystalsTests;
			productReference = 78D038252BEFC55A00AA1C0D /* testDevCrystalsTests.xctest */;
			productType = "com.apple.product-type.bundle.unit-test";
		};
		78D0382E2BEFC55A00AA1C0D /* testDevCrystalsUITests */ = {
			isa = PBXNativeTarget;
			buildConfigurationList = 78D0383F2BEFC55A00AA1C0D /* Build configuration list for PBXNativeTarget "testDevCrystalsUITests" */;
			buildPhases = (
				78D0382B2BEFC55A00AA1C0D /* Sources */,
				78D0382C2BEFC55A00AA1C0D /* Frameworks */,
				78D0382D2BEFC55A00AA1C0D /* Resources */,
			);
			buildRules = (
			);
			dependencies = (
				78D038312BEFC55A00AA1C0D /* PBXTargetDependency */,
			);
			name = testDevCrystalsUITests;
			productName = testDevCrystalsUITests;
			productReference = 78D0382F2BEFC55A00AA1C0D /* testDevCrystalsUITests.xctest */;
			productType = "com.apple.product-type.bundle.ui-testing";
		};
/* End PBXNativeTarget section */

/* Begin PBXProject section */
		78D0380D2BEFC55900AA1C0D /* Project object */ = {
			isa = PBXProject;
			attributes = {
				BuildIndependentTargetsInParallel = 1;
				LastSwiftUpdateCheck = 1530;
				LastUpgradeCheck = 1530;
				TargetAttributes = {
					78D038142BEFC55900AA1C0D = {
						CreatedOnToolsVersion = 15.3;
					};
					78D038242BEFC55A00AA1C0D = {
						CreatedOnToolsVersion = 15.3;
						TestTargetID = 78D038142BEFC55900AA1C0D;
					};
					78D0382E2BEFC55A00AA1C0D = {
						CreatedOnToolsVersion = 15.3;
						TestTargetID = 78D038142BEFC55900AA1C0D;
					};
				};
			};
			buildConfigurationList = 78D038102BEFC55900AA1C0D /* Build configuration list for PBXProject "testDevCrystals" */;
			compatibilityVersion = "Xcode 14.0";
			developmentRegion = en;
			hasScannedForEncodings = 0;
			knownRegions = (
				en,
				Base,
			);
			mainGroup = 78D0380C2BEFC55900AA1C0D;
			productRefGroup = 78D038162BEFC55900AA1C0D /* Products */;
			projectDirPath = "";
			projectRoot = "";
			targets = (
				78D038142BEFC55900AA1C0D /* testDevCrystals */,
				78D038242BEFC55A00AA1C0D /* testDevCrystalsTests */,
				78D0382E2BEFC55A00AA1C0D /* testDevCrystalsUITests */,
			);
		};
/* End PBXProject section */

/* Begin PBXResourcesBuildPhase section */
		78D038132BEFC55900AA1C0D /* Resources */ = {
			isa = PBXResourcesBuildPhase;
			buildActionMask = 2147483647;
			files = (
				78D038202BEFC55A00AA1C0D /* Preview Assets.xcassets in Resources */,
				78D0381D2BEFC55A00AA1C0D /* Assets.xcassets in Resources */,
			);
			runOnlyForDeploymentPostprocessing = 0;
		};
		78D038232BEFC55A00AA1C0D /* Resources */ = {
			isa = PBXResourcesBuildPhase;
			buildActionMask = 2147483647;
			files = (
			);
			runOnlyForDeploymentPostprocessing = 0;
		};
		78D0382D2BEFC55A00AA1C0D /* Resources */ = {
			isa = PBXResourcesBuildPhase;
			buildActionMask = 2147483647;
			files = (
			);
			runOnlyForDeploymentPostprocessing = 0;
		};
/* End PBXResourcesBuildPhase section */

/* Begin PBXSourcesBuildPhase section */
		78D038112BEFC55900AA1C0D /* Sources */ = {
			isa = PBXSourcesBuildPhase;
			buildActionMask = 2147483647;
			files = (
				780CDE2C2C28804100AB6655 /* Crystals.swift in Sources */,
				78327D652C727B3100E58142 /* Theme.swift in Sources */,
				783E5AD52CD7E2FD000377F1 /* Picker.swift in Sources */,
				78327D672C727B9D00E58142 /* CrystalView.swift in Sources */,
				78D0381B2BEFC55900AA1C0D /* ContentView.swift in Sources */,
				783E5AD72CD7E6DE000377F1 /* ImagePicker.swift in Sources */,
				783E5AD32CD7DDF7000377F1 /* ViewModel.swift in Sources */,
				78D038192BEFC55900AA1C0D /* testDevCrystalsApp.swift in Sources */,
			);
			runOnlyForDeploymentPostprocessing = 0;
		};
		78D038212BEFC55A00AA1C0D /* Sources */ = {
			isa = PBXSourcesBuildPhase;
			buildActionMask = 2147483647;
			files = (
			);
			runOnlyForDeploymentPostprocessing = 0;
		};
		78D0382B2BEFC55A00AA1C0D /* Sources */ = {
			isa = PBXSourcesBuildPhase;
			buildActionMask = 2147483647;
			files = (
			);
			runOnlyForDeploymentPostprocessing = 0;
		};
/* End PBXSourcesBuildPhase section */

/* Begin PBXTargetDependency section */
		78D038272BEFC55A00AA1C0D /* PBXTargetDependency */ = {
			isa = PBXTargetDependency;
			target = 78D038142BEFC55900AA1C0D /* testDevCrystals */;
			targetProxy = 78D038262BEFC55A00AA1C0D /* PBXContainerItemProxy */;
		};
		78D038312BEFC55A00AA1C0D /* PBXTargetDependency */ = {
			isa = PBXTargetDependency;
			target = 78D038142BEFC55900AA1C0D /* testDevCrystals */;
			targetProxy = 78D038302BEFC55A00AA1C0D /* PBXContainerItemProxy */;
		};
/* End PBXTargetDependency section */

/* Begin XCBuildConfiguration section */
		78D038372BEFC55A00AA1C0D /* Debug */ = {
			isa = XCBuildConfiguration;
			buildSettings = {
				ALWAYS_SEARCH_USER_PATHS = NO;
				ASSETCATALOG_COMPILER_GENERATE_SWIFT_ASSET_SYMBOL_EXTENSIONS = YES;
				CLANG_ANALYZER_NONNULL = YES;
				CLANG_ANALYZER_NUMBER_OBJECT_CONVERSION = YES_AGGRESSIVE;
				CLANG_CXX_LANGUAGE_STANDARD = "gnu++20";
				CLANG_ENABLE_MODULES = YES;
				CLANG_ENABLE_OBJC_ARC = YES;
				CLANG_ENABLE_OBJC_WEAK = YES;
				CLANG_WARN_BLOCK_CAPTURE_AUTORELEASING = YES;
				CLANG_WARN_BOOL_CONVERSION = YES;
				CLANG_WARN_COMMA = YES;
				CLANG_WARN_CONSTANT_CONVERSION = YES;
				CLANG_WARN_DEPRECATED_OBJC_IMPLEMENTATIONS = YES;
				CLANG_WARN_DIRECT_OBJC_ISA_USAGE = YES_ERROR;
				CLANG_WARN_DOCUMENTATION_COMMENTS = YES;
				CLANG_WARN_EMPTY_BODY = YES;
				CLANG_WARN_ENUM_CONVERSION = YES;
				CLANG_WARN_INFINITE_RECURSION = YES;
				CLANG_WARN_INT_CONVERSION = YES;
				CLANG_WARN_NON_LITERAL_NULL_CONVERSION = YES;
				CLANG_WARN_OBJC_IMPLICIT_RETAIN_SELF = YES;
				CLANG_WARN_OBJC_LITERAL_CONVERSION = YES;
				CLANG_WARN_OBJC_ROOT_CLASS = YES_ERROR;
				CLANG_WARN_QUOTED_INCLUDE_IN_FRAMEWORK_HEADER = YES;
				CLANG_WARN_RANGE_LOOP_ANALYSIS = YES;
				CLANG_WARN_STRICT_PROTOTYPES = YES;
				CLANG_WARN_SUSPICIOUS_MOVE = YES;
				CLANG_WARN_UNGUARDED_AVAILABILITY = YES_AGGRESSIVE;
				CLANG_WARN_UNREACHABLE_CODE = YES;
				CLANG_WARN__DUPLICATE_METHOD_MATCH = YES;
				COPY_PHASE_STRIP = NO;
				DEBUG_INFORMATION_FORMAT = dwarf;
				ENABLE_STRICT_OBJC_MSGSEND = YES;
				ENABLE_TESTABILITY = YES;
				ENABLE_USER_SCRIPT_SANDBOXING = YES;
				GCC_C_LANGUAGE_STANDARD = gnu17;
				GCC_DYNAMIC_NO_PIC = NO;
				GCC_NO_COMMON_BLOCKS = YES;
				GCC_OPTIMIZATION_LEVEL = 0;
				GCC_PREPROCESSOR_DEFINITIONS = (
					"DEBUG=1",
					"$(inherited)",
				);
				GCC_WARN_64_TO_32_BIT_CONVERSION = YES;
				GCC_WARN_ABOUT_RETURN_TYPE = YES_ERROR;
				GCC_WARN_UNDECLARED_SELECTOR = YES;
				GCC_WARN_UNINITIALIZED_AUTOS = YES_AGGRESSIVE;
				GCC_WARN_UNUSED_FUNCTION = YES;
				GCC_WARN_UNUSED_VARIABLE = YES;
				IPHONEOS_DEPLOYMENT_TARGET = 17.4;
				LOCALIZATION_PREFERS_STRING_CATALOGS = YES;
				MTL_ENABLE_DEBUG_INFO = INCLUDE_SOURCE;
				MTL_FAST_MATH = YES;
				ONLY_ACTIVE_ARCH = YES;
				SDKROOT = iphoneos;
				SWIFT_ACTIVE_COMPILATION_CONDITIONS = "DEBUG $(inherited)";
				SWIFT_OPTIMIZATION_LEVEL = "-Onone";
			};
			name = Debug;
		};
		78D038382BEFC55A00AA1C0D /* Release */ = {
			isa = XCBuildConfiguration;
			buildSettings = {
				ALWAYS_SEARCH_USER_PATHS = NO;
				ASSETCATALOG_COMPILER_GENERATE_SWIFT_ASSET_SYMBOL_EXTENSIONS = YES;
				CLANG_ANALYZER_NONNULL = YES;
				CLANG_ANALYZER_NUMBER_OBJECT_CONVERSION = YES_AGGRESSIVE;
				CLANG_CXX_LANGUAGE_STANDARD = "gnu++20";
				CLANG_ENABLE_MODULES = YES;
				CLANG_ENABLE_OBJC_ARC = YES;
				CLANG_ENABLE_OBJC_WEAK = YES;
				CLANG_WARN_BLOCK_CAPTURE_AUTORELEASING = YES;
				CLANG_WARN_BOOL_CONVERSION = YES;
				CLANG_WARN_COMMA = YES;
				CLANG_WARN_CONSTANT_CONVERSION = YES;
				CLANG_WARN_DEPRECATED_OBJC_IMPLEMENTATIONS = YES;
				CLANG_WARN_DIRECT_OBJC_ISA_USAGE = YES_ERROR;
				CLANG_WARN_DOCUMENTATION_COMMENTS = YES;
				CLANG_WARN_EMPTY_BODY = YES;
				CLANG_WARN_ENUM_CONVERSION = YES;
				CLANG_WARN_INFINITE_RECURSION = YES;
				CLANG_WARN_INT_CONVERSION = YES;
				CLANG_WARN_NON_LITERAL_NULL_CONVERSION = YES;
				CLANG_WARN_OBJC_IMPLICIT_RETAIN_SELF = YES;
				CLANG_WARN_OBJC_LITERAL_CONVERSION = YES;
				CLANG_WARN_OBJC_ROOT_CLASS = YES_ERROR;
				CLANG_WARN_QUOTED_INCLUDE_IN_FRAMEWORK_HEADER = YES;
				CLANG_WARN_RANGE_LOOP_ANALYSIS = YES;
				CLANG_WARN_STRICT_PROTOTYPES = YES;
				CLANG_WARN_SUSPICIOUS_MOVE = YES;
				CLANG_WARN_UNGUARDED_AVAILABILITY = YES_AGGRESSIVE;
				CLANG_WARN_UNREACHABLE_CODE = YES;
				CLANG_WARN__DUPLICATE_METHOD_MATCH = YES;
				COPY_PHASE_STRIP = NO;
				DEBUG_INFORMATION_FORMAT = "dwarf-with-dsym";
				ENABLE_NS_ASSERTIONS = NO;
				ENABLE_STRICT_OBJC_MSGSEND = YES;
				ENABLE_USER_SCRIPT_SANDBOXING = YES;
				GCC_C_LANGUAGE_STANDARD = gnu17;
				GCC_NO_COMMON_BLOCKS = YES;
				GCC_WARN_64_TO_32_BIT_CONVERSION = YES;
				GCC_WARN_ABOUT_RETURN_TYPE = YES_ERROR;
				GCC_WARN_UNDECLARED_SELECTOR = YES;
				GCC_WARN_UNINITIALIZED_AUTOS = YES_AGGRESSIVE;
				GCC_WARN_UNUSED_FUNCTION = YES;
				GCC_WARN_UNUSED_VARIABLE = YES;
				IPHONEOS_DEPLOYMENT_TARGET = 17.4;
				LOCALIZATION_PREFERS_STRING_CATALOGS = YES;
				MTL_ENABLE_DEBUG_INFO = NO;
				MTL_FAST_MATH = YES;
				SDKROOT = iphoneos;
				SWIFT_COMPILATION_MODE = wholemodule;
				VALIDATE_PRODUCT = YES;
			};
			name = Release;
		};
		78D0383A2BEFC55A00AA1C0D /* Debug */ = {
			isa = XCBuildConfiguration;
			buildSettings = {
				ASSETCATALOG_COMPILER_APPICON_NAME = AppIcon;
				ASSETCATALOG_COMPILER_GLOBAL_ACCENT_COLOR_NAME = AccentColor;
				CODE_SIGN_STYLE = Automatic;
				CURRENT_PROJECT_VERSION = 1;
				DEVELOPMENT_ASSET_PATHS = "\"testDevCrystals/Preview Content\"";
				DEVELOPMENT_TEAM = T2Z945DP8W;
				ENABLE_PREVIEWS = YES;
				GENERATE_INFOPLIST_FILE = YES;
				INFOPLIST_KEY_NSCameraUsageDescription = "Would like to use the camera to take photos";
				INFOPLIST_KEY_UIApplicationSceneManifest_Generation = YES;
				INFOPLIST_KEY_UIApplicationSupportsIndirectInputEvents = YES;
				INFOPLIST_KEY_UILaunchScreen_Generation = YES;
				INFOPLIST_KEY_UISupportedInterfaceOrientations_iPad = "UIInterfaceOrientationPortrait UIInterfaceOrientationPortraitUpsideDown UIInterfaceOrientationLandscapeLeft UIInterfaceOrientationLandscapeRight";
				INFOPLIST_KEY_UISupportedInterfaceOrientations_iPhone = "UIInterfaceOrientationPortrait UIInterfaceOrientationLandscapeLeft UIInterfaceOrientationLandscapeRight";
				LD_RUNPATH_SEARCH_PATHS = (
					"$(inherited)",
					"@executable_path/Frameworks",
				);
				MARKETING_VERSION = 1.0;
				PRODUCT_BUNDLE_IDENTIFIER = com.bold.testDevCrystals;
				PRODUCT_NAME = "$(TARGET_NAME)";
				SWIFT_EMIT_LOC_STRINGS = YES;
				SWIFT_VERSION = 5.0;
				TARGETED_DEVICE_FAMILY = "1,2";
			};
			name = Debug;
		};
		78D0383B2BEFC55A00AA1C0D /* Release */ = {
			isa = XCBuildConfiguration;
			buildSettings = {
				ASSETCATALOG_COMPILER_APPICON_NAME = AppIcon;
				ASSETCATALOG_COMPILER_GLOBAL_ACCENT_COLOR_NAME = AccentColor;
				CODE_SIGN_STYLE = Automatic;
				CURRENT_PROJECT_VERSION = 1;
				DEVELOPMENT_ASSET_PATHS = "\"testDevCrystals/Preview Content\"";
				DEVELOPMENT_TEAM = T2Z945DP8W;
				ENABLE_PREVIEWS = YES;
				GENERATE_INFOPLIST_FILE = YES;
				INFOPLIST_KEY_NSCameraUsageDescription = "Would like to use the camera to take photos";
				INFOPLIST_KEY_UIApplicationSceneManifest_Generation = YES;
				INFOPLIST_KEY_UIApplicationSupportsIndirectInputEvents = YES;
				INFOPLIST_KEY_UILaunchScreen_Generation = YES;
				INFOPLIST_KEY_UISupportedInterfaceOrientations_iPad = "UIInterfaceOrientationPortrait UIInterfaceOrientationPortraitUpsideDown UIInterfaceOrientationLandscapeLeft UIInterfaceOrientationLandscapeRight";
				INFOPLIST_KEY_UISupportedInterfaceOrientations_iPhone = "UIInterfaceOrientationPortrait UIInterfaceOrientationLandscapeLeft UIInterfaceOrientationLandscapeRight";
				LD_RUNPATH_SEARCH_PATHS = (
					"$(inherited)",
					"@executable_path/Frameworks",
				);
				MARKETING_VERSION = 1.0;
				PRODUCT_BUNDLE_IDENTIFIER = com.bold.testDevCrystals;
				PRODUCT_NAME = "$(TARGET_NAME)";
				SWIFT_EMIT_LOC_STRINGS = YES;
				SWIFT_VERSION = 5.0;
				TARGETED_DEVICE_FAMILY = "1,2";
			};
			name = Release;
		};
		78D0383D2BEFC55A00AA1C0D /* Debug */ = {
			isa = XCBuildConfiguration;
			buildSettings = {
				ALWAYS_EMBED_SWIFT_STANDARD_LIBRARIES = YES;
				BUNDLE_LOADER = "$(TEST_HOST)";
				CODE_SIGN_STYLE = Automatic;
				CURRENT_PROJECT_VERSION = 1;
				DEVELOPMENT_TEAM = T2Z945DP8W;
				GENERATE_INFOPLIST_FILE = YES;
				IPHONEOS_DEPLOYMENT_TARGET = 17.4;
				MARKETING_VERSION = 1.0;
				PRODUCT_BUNDLE_IDENTIFIER = com.bold.testDevCrystalsTests;
				PRODUCT_NAME = "$(TARGET_NAME)";
				SWIFT_EMIT_LOC_STRINGS = NO;
				SWIFT_VERSION = 5.0;
				TARGETED_DEVICE_FAMILY = "1,2";
				TEST_HOST = "$(BUILT_PRODUCTS_DIR)/testDevCrystals.app/$(BUNDLE_EXECUTABLE_FOLDER_PATH)/testDevCrystals";
			};
			name = Debug;
		};
		78D0383E2BEFC55A00AA1C0D /* Release */ = {
			isa = XCBuildConfiguration;
			buildSettings = {
				ALWAYS_EMBED_SWIFT_STANDARD_LIBRARIES = YES;
				BUNDLE_LOADER = "$(TEST_HOST)";
				CODE_SIGN_STYLE = Automatic;
				CURRENT_PROJECT_VERSION = 1;
				DEVELOPMENT_TEAM = T2Z945DP8W;
				GENERATE_INFOPLIST_FILE = YES;
				IPHONEOS_DEPLOYMENT_TARGET = 17.4;
				MARKETING_VERSION = 1.0;
				PRODUCT_BUNDLE_IDENTIFIER = com.bold.testDevCrystalsTests;
				PRODUCT_NAME = "$(TARGET_NAME)";
				SWIFT_EMIT_LOC_STRINGS = NO;
				SWIFT_VERSION = 5.0;
				TARGETED_DEVICE_FAMILY = "1,2";
				TEST_HOST = "$(BUILT_PRODUCTS_DIR)/testDevCrystals.app/$(BUNDLE_EXECUTABLE_FOLDER_PATH)/testDevCrystals";
			};
			name = Release;
		};
		78D038402BEFC55A00AA1C0D /* Debug */ = {
			isa = XCBuildConfiguration;
			buildSettings = {
				ALWAYS_EMBED_SWIFT_STANDARD_LIBRARIES = YES;
				CODE_SIGN_STYLE = Automatic;
				CURRENT_PROJECT_VERSION = 1;
				DEVELOPMENT_TEAM = T2Z945DP8W;
				GENERATE_INFOPLIST_FILE = YES;
				MARKETING_VERSION = 1.0;
				PRODUCT_BUNDLE_IDENTIFIER = com.bold.testDevCrystalsUITests;
				PRODUCT_NAME = "$(TARGET_NAME)";
				SWIFT_EMIT_LOC_STRINGS = NO;
				SWIFT_VERSION = 5.0;
				TARGETED_DEVICE_FAMILY = "1,2";
				TEST_TARGET_NAME = testDevCrystals;
			};
			name = Debug;
		};
		78D038412BEFC55A00AA1C0D /* Release */ = {
			isa = XCBuildConfiguration;
			buildSettings = {
				ALWAYS_EMBED_SWIFT_STANDARD_LIBRARIES = YES;
				CODE_SIGN_STYLE = Automatic;
				CURRENT_PROJECT_VERSION = 1;
				DEVELOPMENT_TEAM = T2Z945DP8W;
				GENERATE_INFOPLIST_FILE = YES;
				MARKETING_VERSION = 1.0;
				PRODUCT_BUNDLE_IDENTIFIER = com.bold.testDevCrystalsUITests;
				PRODUCT_NAME = "$(TARGET_NAME)";
				SWIFT_EMIT_LOC_STRINGS = NO;
				SWIFT_VERSION = 5.0;
				TARGETED_DEVICE_FAMILY = "1,2";
				TEST_TARGET_NAME = testDevCrystals;
			};
			name = Release;
		};
/* End XCBuildConfiguration section */

/* Begin XCConfigurationList section */
		78D038102BEFC55900AA1C0D /* Build configuration list for PBXProject "testDevCrystals" */ = {
			isa = XCConfigurationList;
			buildConfigurations = (
				78D038372BEFC55A00AA1C0D /* Debug */,
				78D038382BEFC55A00AA1C0D /* Release */,
			);
			defaultConfigurationIsVisible = 0;
			defaultConfigurationName = Release;
		};
		78D038392BEFC55A00AA1C0D /* Build configuration list for PBXNativeTarget "testDevCrystals" */ = {
			isa = XCConfigurationList;
			buildConfigurations = (
				78D0383A2BEFC55A00AA1C0D /* Debug */,
				78D0383B2BEFC55A00AA1C0D /* Release */,
			);
			defaultConfigurationIsVisible = 0;
			defaultConfigurationName = Release;
		};
		78D0383C2BEFC55A00AA1C0D /* Build configuration list for PBXNativeTarget "testDevCrystalsTests" */ = {
			isa = XCConfigurationList;
			buildConfigurations = (
				78D0383D2BEFC55A00AA1C0D /* Debug */,
				78D0383E2BEFC55A00AA1C0D /* Release */,
			);
			defaultConfigurationIsVisible = 0;
			defaultConfigurationName = Release;
		};
		78D0383F2BEFC55A00AA1C0D /* Build configuration list for PBXNativeTarget "testDevCrystalsUITests" */ = {
			isa = XCConfigurationList;
			buildConfigurations = (
				78D038402BEFC55A00AA1C0D /* Debug */,
				78D038412BEFC55A00AA1C0D /* Release */,
			);
			defaultConfigurationIsVisible = 0;
			defaultConfigurationName = Release;
		};
/* End XCConfigurationList section */
	};
	rootObject = 78D0380D2BEFC55900AA1C0D /* Project object */;
}
